<Solution>
  <Folder Name="/Solution Items/">
    <File Path=".dockerignore" />
    <File Path=".editorconfig" />
    <File Path=".gitattributes" />
    <File Path=".gitignore" />
    <File Path="Build.GitVersion.props" />
    <File Path="Build.NSwag.props" />
    <File Path="global.json" />
    <File Path="LICENSE" />
    <File Path="nuget.config" />
    <File Path="package.json" />
    <File Path="pnpm-lock.yaml" />
    <File Path="pnpm-workspace.yaml" />
    <File Path="README.md" />
    <File Path="Tiltfile" />
  </Folder>
  <Folder Name="/Solution Items/.vscode/">
    <File Path=".vscode/settings.json" />
  </Folder>
  <Folder Name="/Solution Items/docs/">
    <File Path="docs/Ladirchen.md" />
  </Folder>
  <Folder Name="/Solution Items/docs/arc42/">
    <File Path="docs/arc42/index.md" />
    <File Path="docs/arc42/about-arc42.md" />
  </Folder>
  <Folder Name="/Solution Items/docs/arc42/images/">
    <File Path="docs/arc42/images/arc42-logo.png" />
  </Folder>
  <Folder Name="/Solution Items/docs/arc42/01-introduction-and-goals/">
    <File Path="docs/arc42/01-introduction-and-goals/01-introduction-and-goals.md" />
  </Folder>
  <Folder Name="/Solution Items/docs/arc42/01-introduction-and-goals/images/">
    <File Path="docs/arc42/01-introduction-and-goals/images/01_2_iso-25010-topics-EN-2023.drawio.png" />
    <File Path="docs/arc42/01-introduction-and-goals/images/01_2_iso-25010-topics-EN.drawio.png" />
  </Folder>
  <Folder Name="/Solution Items/docs/arc42/02-architecture-constraints/">
    <File Path="docs/arc42/02-architecture-constraints/02-architecture-constraints.md" />
  </Folder>
  <Folder Name="/Solution Items/docs/arc42/03-context-and-scope/">
    <File Path="docs/arc42/03-context-and-scope/03-context-and-scope.md" />
  </Folder>
  <Folder Name="/Solution Items/docs/arc42/04-solution-strategy/">
    <File Path="docs/arc42/04-solution-strategy/04-solution-strategy.md" />
  </Folder>
  <Folder Name="/Solution Items/docs/arc42/05-building-block-view/">
    <File Path="docs/arc42/05-building-block-view/05-building-block-view.md" />
  </Folder>
  <Folder Name="/Solution Items/docs/arc42/05-building-block-view/images/">
    <File Path="docs/arc42/05-building-block-view/images/05_building_blocks-EN.png" />
  </Folder>
  <Folder Name="/Solution Items/docs/arc42/06-runtime-view/">
    <File Path="docs/arc42/06-runtime-view/06-runtime-view.md" />
  </Folder>
  <Folder Name="/Solution Items/docs/arc42/07-deployment-view/">
    <File Path="docs/arc42/07-deployment-view/07-deployment-view.md" />
  </Folder>
  <Folder Name="/Solution Items/docs/arc42/08-crosscutting-concepts/">
    <File Path="docs/arc42/08-crosscutting-concepts/08-crosscutting-concepts.md" />
  </Folder>
  <Folder Name="/Solution Items/docs/arc42/08-crosscutting-concepts/images/">
    <File Path="docs/arc42/08-crosscutting-concepts/images/08-concepts-EN.drawio.png" />
  </Folder>
  <Folder Name="/Solution Items/docs/arc42/09-architecture-decisions/">
    <File Path="docs/arc42/09-architecture-decisions/09-architecture-decisions.md" />
  </Folder>
  <Folder Name="/Solution Items/docs/arc42/10-quality-requirements/">
    <File Path="docs/arc42/10-quality-requirements/10-quality-requirements.md" />
  </Folder>
  <Folder Name="/Solution Items/docs/arc42/10-quality-requirements/images/">
    <File Path="docs/arc42/10-quality-requirements/images/10_stimulus.png" />
  </Folder>
  <Folder Name="/Solution Items/docs/arc42/11-risks-and-technical-debt/">
    <File Path="docs/arc42/11-risks-and-technical-debt/11-risks-and-technical-debt.md" />
  </Folder>
  <Folder Name="/Solution Items/docs/arc42/12-glossary/">
    <File Path="docs/arc42/12-glossary/12-glossary.md" />
  </Folder>
  <Folder Name="/Solution Items/docs/domain/">
    <File Path="docs/domain/event-storming.md" />
  </Folder>
  <Project Path="LadirchenApp.Webhost/LadirchenApp.Webhost.csproj" />
</Solution>
